
Microsoft Visual Studio Solution File, Format Version 12.00
# Visual Studio Version 16
VisualStudioVersion = 16.0.29911.84
MinimumVisualStudioVersion = 10.0.40219.1
Project("{FAE04EC0-301F-11D3-BF4B-00C04F79EFBC}") = "CharacterGenerator", "CharacterGenerator.csproj", "{51A263C7-CF02-4FC0-B547-C876AC6BAA49}"
EndProject
Global
	GlobalSection(SolutionConfigurationPlatforms) = preSolution
		Debug|Any CPU = Debug|Any CPU
		Release|Any CPU = Release|Any CPU
	EndGlobalSection
	GlobalSection(ProjectConfigurationPlatforms) = postSolution
		{51A263C7-CF02-4FC0-B547-C876AC6BAA49}.Debug|Any CPU.ActiveCfg = Debug|Any CPU
		{51A263C7-CF02-4FC0-B547-C876AC6BAA49}.Debug|Any CPU.Build.0 = Debug|Any CPU
		{51A263C7-CF02-4FC0-B547-C876AC6BAA49}.Release|Any CPU.ActiveCfg = Release|Any CPU
		{51A263C7-CF02-4FC0-B547-C876AC6BAA49}.Release|Any CPU.Build.0 = Release|Any CPU
	EndGlobalSection
	GlobalSection(SolutionProperties) = preSolution
		HideSolutionNode = FALSE
	EndGlobalSection
	GlobalSection(ExtensibilityGlobals) = postSolution
		SolutionGuid = {BDBEAD98-7B5E-4678-AC16-E3EBD0738FD9}
	EndGlobalSection
EndGlobal
